
Microsoft Visual Studio Solution File, Format Version 12.00
# Visual Studio Version 17
VisualStudioVersion = 17.0.31903.59
MinimumVisualStudioVersion = 10.0.40219.1
Project("{2150E333-8FDC-42A3-9474-1A3956D46DE8}") = "src", "src", "{181A5575-517B-465B-A0E4-8F1A7B967C5D}"
EndProject
Project("{2150E333-8FDC-42A3-9474-1A3956D46DE8}") = "training-api", "training-api", "{4D2DAF58-E557-43D0-89F8-51C49B9710B6}"
EndProject
Project("{FAE04EC0-301F-11D3-BF4B-00C04F79EFBC}") = "Bl.Gym.TrainingApi.Domain", "src\training-api\Bl.Gym.TrainingApi.Domain\Bl.Gym.TrainingApi.Domain.csproj", "{70759F9B-1CF3-478C-9605-B4E1DCF03514}"
EndProject
Project("{FAE04EC0-301F-11D3-BF4B-00C04F79EFBC}") = "Bl.Gym.TrainingApi.Application", "src\training-api\Bl.Gym.TrainingApi.Application\Bl.Gym.TrainingApi.Application.csproj", "{7391080C-5348-4418-9B96-9F6D524875FF}"
EndProject
Project("{FAE04EC0-301F-11D3-BF4B-00C04F79EFBC}") = "Bl.Gym.TrainingApi.Infrastructure", "src\training-api\Bl.Gym.TrainingApi.Infrastructure\Bl.Gym.TrainingApi.Infrastructure.csproj", "{4C1A028A-1126-4B23-AB49-D9E1CD5D246D}"
EndProject
Project("{FAE04EC0-301F-11D3-BF4B-00C04F79EFBC}") = "Bl.Gym.TrainingApi.Api", "src\training-api\Bl.Gym.TrainingApi.Api\Bl.Gym.TrainingApi.Api.csproj", "{5C70E9D4-FACE-4215-95DF-52408A967A83}"
EndProject
Project("{2150E333-8FDC-42A3-9474-1A3956D46DE8}") = "BuildingBlocks", "BuildingBlocks", "{C4538EC4-147C-4A4F-930A-B328C97AAECC}"
EndProject
Project("{2150E333-8FDC-42A3-9474-1A3956D46DE8}") = "EventBus", "EventBus", "{850A3DE9-AD2A-4C5D-B054-6F0243BA3973}"
EndProject
Project("{FAE04EC0-301F-11D3-BF4B-00C04F79EFBC}") = "Bl.Gym.EventBus", "src\BuildingBlocks\EventBus\Bl.Gym.EventBus\Bl.Gym.EventBus.csproj", "{2D3FD84F-71C4-4265-B348-2522497D530E}"
EndProject
Project("{FAE04EC0-301F-11D3-BF4B-00C04F79EFBC}") = "Bl.Gym.EventBus.Infrastructure", "src\BuildingBlocks\EventBus\Bl.Gym.EventBus.Infrastructure\Bl.Gym.EventBus.Infrastructure.csproj", "{2267C74A-EB9E-449A-910A-0181A68EE1EB}"
EndProject
Global
	GlobalSection(SolutionConfigurationPlatforms) = preSolution
		Debug|Any CPU = Debug|Any CPU
		Release|Any CPU = Release|Any CPU
	EndGlobalSection
	GlobalSection(SolutionProperties) = preSolution
		HideSolutionNode = FALSE
	EndGlobalSection
	GlobalSection(ProjectConfigurationPlatforms) = postSolution
		{70759F9B-1CF3-478C-9605-B4E1DCF03514}.Debug|Any CPU.ActiveCfg = Debug|Any CPU
		{70759F9B-1CF3-478C-9605-B4E1DCF03514}.Debug|Any CPU.Build.0 = Debug|Any CPU
		{70759F9B-1CF3-478C-9605-B4E1DCF03514}.Release|Any CPU.ActiveCfg = Release|Any CPU
		{70759F9B-1CF3-478C-9605-B4E1DCF03514}.Release|Any CPU.Build.0 = Release|Any CPU
		{7391080C-5348-4418-9B96-9F6D524875FF}.Debug|Any CPU.ActiveCfg = Debug|Any CPU
		{7391080C-5348-4418-9B96-9F6D524875FF}.Debug|Any CPU.Build.0 = Debug|Any CPU
		{7391080C-5348-4418-9B96-9F6D524875FF}.Release|Any CPU.ActiveCfg = Release|Any CPU
		{7391080C-5348-4418-9B96-9F6D524875FF}.Release|Any CPU.Build.0 = Release|Any CPU
		{4C1A028A-1126-4B23-AB49-D9E1CD5D246D}.Debug|Any CPU.ActiveCfg = Debug|Any CPU
		{4C1A028A-1126-4B23-AB49-D9E1CD5D246D}.Debug|Any CPU.Build.0 = Debug|Any CPU
		{4C1A028A-1126-4B23-AB49-D9E1CD5D246D}.Release|Any CPU.ActiveCfg = Release|Any CPU
		{4C1A028A-1126-4B23-AB49-D9E1CD5D246D}.Release|Any CPU.Build.0 = Release|Any CPU
		{5C70E9D4-FACE-4215-95DF-52408A967A83}.Debug|Any CPU.ActiveCfg = Debug|Any CPU
		{5C70E9D4-FACE-4215-95DF-52408A967A83}.Debug|Any CPU.Build.0 = Debug|Any CPU
		{5C70E9D4-FACE-4215-95DF-52408A967A83}.Release|Any CPU.ActiveCfg = Release|Any CPU
		{5C70E9D4-FACE-4215-95DF-52408A967A83}.Release|Any CPU.Build.0 = Release|Any CPU
		{2D3FD84F-71C4-4265-B348-2522497D530E}.Debug|Any CPU.ActiveCfg = Debug|Any CPU
		{2D3FD84F-71C4-4265-B348-2522497D530E}.Debug|Any CPU.Build.0 = Debug|Any CPU
		{2D3FD84F-71C4-4265-B348-2522497D530E}.Release|Any CPU.ActiveCfg = Release|Any CPU
		{2D3FD84F-71C4-4265-B348-2522497D530E}.Release|Any CPU.Build.0 = Release|Any CPU
		{2267C74A-EB9E-449A-910A-0181A68EE1EB}.Debug|Any CPU.ActiveCfg = Debug|Any CPU
		{2267C74A-EB9E-449A-910A-0181A68EE1EB}.Debug|Any CPU.Build.0 = Debug|Any CPU
		{2267C74A-EB9E-449A-910A-0181A68EE1EB}.Release|Any CPU.ActiveCfg = Release|Any CPU
		{2267C74A-EB9E-449A-910A-0181A68EE1EB}.Release|Any CPU.Build.0 = Release|Any CPU
	EndGlobalSection
	GlobalSection(NestedProjects) = preSolution
		{4D2DAF58-E557-43D0-89F8-51C49B9710B6} = {181A5575-517B-465B-A0E4-8F1A7B967C5D}
		{70759F9B-1CF3-478C-9605-B4E1DCF03514} = {4D2DAF58-E557-43D0-89F8-51C49B9710B6}
		{7391080C-5348-4418-9B96-9F6D524875FF} = {4D2DAF58-E557-43D0-89F8-51C49B9710B6}
		{4C1A028A-1126-4B23-AB49-D9E1CD5D246D} = {4D2DAF58-E557-43D0-89F8-51C49B9710B6}
		{5C70E9D4-FACE-4215-95DF-52408A967A83} = {4D2DAF58-E557-43D0-89F8-51C49B9710B6}
		{C4538EC4-147C-4A4F-930A-B328C97AAECC} = {181A5575-517B-465B-A0E4-8F1A7B967C5D}
		{850A3DE9-AD2A-4C5D-B054-6F0243BA3973} = {C4538EC4-147C-4A4F-930A-B328C97AAECC}
		{2D3FD84F-71C4-4265-B348-2522497D530E} = {850A3DE9-AD2A-4C5D-B054-6F0243BA3973}
		{2267C74A-EB9E-449A-910A-0181A68EE1EB} = {850A3DE9-AD2A-4C5D-B054-6F0243BA3973}
	EndGlobalSection
EndGlobal
